// !$*UTF8*$!
{
	archiveVersion = 1;
	classes = {
	};
	objectVersion = 46;
	objects = {

/* Begin PBXBuildFile section */
		4CD8FE331D3402E400BE19FD /* main.m in Sources */ = {isa = PBXBuildFile; fileRef = 4CD8FE321D3402E400BE19FD /* main.m */; };
		4CD8FE361D3402E400BE19FD /* AppDelegate.m in Sources */ = {isa = PBXBuildFile; fileRef = 4CD8FE351D3402E400BE19FD /* AppDelegate.m */; };
		4CD8FE3C1D3402E400BE19FD /* Main.storyboard in Resources */ = {isa = PBXBuildFile; fileRef = 4CD8FE3A1D3402E400BE19FD /* Main.storyboard */; };
		4CD8FE3E1D3402E400BE19FD /* Assets.xcassets in Resources */ = {isa = PBXBuildFile; fileRef = 4CD8FE3D1D3402E400BE19FD /* Assets.xcassets */; };
		4CD8FE411D3402E400BE19FD /* LaunchScreen.storyboard in Resources */ = {isa = PBXBuildFile; fileRef = 4CD8FE3F1D3402E400BE19FD /* LaunchScreen.storyboard */; };
		4CD8FE4C1D3402E500BE19FD /* T24NewsTests.m in Sources */ = {isa = PBXBuildFile; fileRef = 4CD8FE4B1D3402E500BE19FD /* T24NewsTests.m */; };
		4CD8FE571D3402E500BE19FD /* T24NewsUITests.m in Sources */ = {isa = PBXBuildFile; fileRef = 4CD8FE561D3402E500BE19FD /* T24NewsUITests.m */; };
		4CD8FE671D3414D500BE19FD /* ServiceManager.m in Sources */ = {isa = PBXBuildFile; fileRef = 4CD8FE661D3414D500BE19FD /* ServiceManager.m */; };
		4CD8FE681D3414D500BE19FD /* ServiceManager.m in Sources */ = {isa = PBXBuildFile; fileRef = 4CD8FE661D3414D500BE19FD /* ServiceManager.m */; };
		4CD8FE691D3414D500BE19FD /* ServiceManager.m in Sources */ = {isa = PBXBuildFile; fileRef = 4CD8FE661D3414D500BE19FD /* ServiceManager.m */; };
		4CD8FE721D35AF0600BE19FD /* ViewController.m in Sources */ = {isa = PBXBuildFile; fileRef = 4CD8FE711D35AF0600BE19FD /* ViewController.m */; };
		4CD8FE751D35AF0E00BE19FD /* HotNewsViewController.m in Sources */ = {isa = PBXBuildFile; fileRef = 4CD8FE741D35AF0E00BE19FD /* HotNewsViewController.m */; };
		4CD8FE801D35AF7C00BE19FD /* HotNewsCollectionViewCell.m in Sources */ = {isa = PBXBuildFile; fileRef = 4CD8FE7F1D35AF7C00BE19FD /* HotNewsCollectionViewCell.m */; };
		4CD8FE841D35B3C100BE19FD /* StoriesCollectionViewCell.m in Sources */ = {isa = PBXBuildFile; fileRef = 4CD8FE831D35B3C100BE19FD /* StoriesCollectionViewCell.m */; };
		4CD8FE881D35B40F00BE19FD /* StoriesViewController.m in Sources */ = {isa = PBXBuildFile; fileRef = 4CD8FE871D35B40F00BE19FD /* StoriesViewController.m */; };
		4CD8FE9F1D35B62400BE19FD /* T24CategoriesData.m in Sources */ = {isa = PBXBuildFile; fileRef = 4CD8FE8D1D35B62400BE19FD /* T24CategoriesData.m */; };
		4CD8FEA01D35B62400BE19FD /* T24CategoriesResponse.m in Sources */ = {isa = PBXBuildFile; fileRef = 4CD8FE8F1D35B62400BE19FD /* T24CategoriesResponse.m */; };
		4CD8FEA11D35B62400BE19FD /* T24StoriesCategory.m in Sources */ = {isa = PBXBuildFile; fileRef = 4CD8FE921D35B62400BE19FD /* T24StoriesCategory.m */; };
		4CD8FEA21D35B62400BE19FD /* T24StoriesData.m in Sources */ = {isa = PBXBuildFile; fileRef = 4CD8FE941D35B62400BE19FD /* T24StoriesData.m */; };
		4CD8FEA31D35B62400BE19FD /* T24StoriesImages.m in Sources */ = {isa = PBXBuildFile; fileRef = 4CD8FE961D35B62400BE19FD /* T24StoriesImages.m */; };
		4CD8FEA41D35B62400BE19FD /* T24StoriesPaging.m in Sources */ = {isa = PBXBuildFile; fileRef = 4CD8FE981D35B62400BE19FD /* T24StoriesPaging.m */; };
		4CD8FEA51D35B62400BE19FD /* T24StoriesResponse.m in Sources */ = {isa = PBXBuildFile; fileRef = 4CD8FE9A1D35B62400BE19FD /* T24StoriesResponse.m */; };
		4CD8FEA61D35B62400BE19FD /* T24StoriesStats.m in Sources */ = {isa = PBXBuildFile; fileRef = 4CD8FE9C1D35B62400BE19FD /* T24StoriesStats.m */; };
		4CD8FEA71D35B62400BE19FD /* T24StoriesUrls.m in Sources */ = {isa = PBXBuildFile; fileRef = 4CD8FE9E1D35B62400BE19FD /* T24StoriesUrls.m */; };
		4CD8FEB81D35BA3500BE19FD /* T24CategoryStoriesCategory.m in Sources */ = {isa = PBXBuildFile; fileRef = 4CD8FEAB1D35BA3500BE19FD /* T24CategoryStoriesCategory.m */; };
		4CD8FEB91D35BA3500BE19FD /* T24CategoryStoriesData.m in Sources */ = {isa = PBXBuildFile; fileRef = 4CD8FEAD1D35BA3500BE19FD /* T24CategoryStoriesData.m */; };
		4CD8FEBA1D35BA3500BE19FD /* T24CategoryStoriesImages.m in Sources */ = {isa = PBXBuildFile; fileRef = 4CD8FEAF1D35BA3500BE19FD /* T24CategoryStoriesImages.m */; };
		4CD8FEBB1D35BA3500BE19FD /* T24CategoryStoriesPaging.m in Sources */ = {isa = PBXBuildFile; fileRef = 4CD8FEB11D35BA3500BE19FD /* T24CategoryStoriesPaging.m */; };
		4CD8FEBC1D35BA3500BE19FD /* T24CategoryStoriesResponse.m in Sources */ = {isa = PBXBuildFile; fileRef = 4CD8FEB31D35BA3500BE19FD /* T24CategoryStoriesResponse.m */; };
		4CD8FEBD1D35BA3500BE19FD /* T24CategoryStoriesStats.m in Sources */ = {isa = PBXBuildFile; fileRef = 4CD8FEB51D35BA3500BE19FD /* T24CategoryStoriesStats.m */; };
		4CD8FEBE1D35BA3500BE19FD /* T24CategoryStoriesUrls.m in Sources */ = {isa = PBXBuildFile; fileRef = 4CD8FEB71D35BA3500BE19FD /* T24CategoryStoriesUrls.m */; };
		4CD8FECE1D35BD3100BE19FD /* T24StoryAuthor.m in Sources */ = {isa = PBXBuildFile; fileRef = 4CD8FEC11D35BD3100BE19FD /* T24StoryAuthor.m */; };
		4CD8FECF1D35BD3100BE19FD /* T24StoryCategory.m in Sources */ = {isa = PBXBuildFile; fileRef = 4CD8FEC31D35BD3100BE19FD /* T24StoryCategory.m */; };
		4CD8FED01D35BD3100BE19FD /* T24StoryData.m in Sources */ = {isa = PBXBuildFile; fileRef = 4CD8FEC51D35BD3100BE19FD /* T24StoryData.m */; };
		4CD8FED11D35BD3100BE19FD /* T24StoryImages.m in Sources */ = {isa = PBXBuildFile; fileRef = 4CD8FEC71D35BD3100BE19FD /* T24StoryImages.m */; };
		4CD8FED21D35BD3100BE19FD /* T24StoryResponse.m in Sources */ = {isa = PBXBuildFile; fileRef = 4CD8FEC91D35BD3100BE19FD /* T24StoryResponse.m */; };
		4CD8FED31D35BD3100BE19FD /* T24StoryStats.m in Sources */ = {isa = PBXBuildFile; fileRef = 4CD8FECB1D35BD3100BE19FD /* T24StoryStats.m */; };
		4CD8FED41D35BD3100BE19FD /* T24StoryUrls.m in Sources */ = {isa = PBXBuildFile; fileRef = 4CD8FECD1D35BD3100BE19FD /* T24StoryUrls.m */; };
		60FC381726582D6C8CF53322 /* libPods-T24News.a in Frameworks */ = {isa = PBXBuildFile; fileRef = DE4047DDF3FE2AA1D4106C4D /* libPods-T24News.a */; };
/* End PBXBuildFile section */

/* Begin PBXContainerItemProxy section */
		4CD8FE481D3402E500BE19FD /* PBXContainerItemProxy */ = {
			isa = PBXContainerItemProxy;
			containerPortal = 4CD8FE261D3402E400BE19FD /* Project object */;
			proxyType = 1;
			remoteGlobalIDString = 4CD8FE2D1D3402E400BE19FD;
			remoteInfo = T24News;
		};
		4CD8FE531D3402E500BE19FD /* PBXContainerItemProxy */ = {
			isa = PBXContainerItemProxy;
			containerPortal = 4CD8FE261D3402E400BE19FD /* Project object */;
			proxyType = 1;
			remoteGlobalIDString = 4CD8FE2D1D3402E400BE19FD;
			remoteInfo = T24News;
		};
/* End PBXContainerItemProxy section */

/* Begin PBXFileReference section */
		41FA5E5F6C300DB8ADFD218F /* Pods-T24News.debug.xcconfig */ = {isa = PBXFileReference; includeInIndex = 1; lastKnownFileType = text.xcconfig; name = "Pods-T24News.debug.xcconfig"; path = "Pods/Target Support Files/Pods-T24News/Pods-T24News.debug.xcconfig"; sourceTree = "<group>"; };
		4CD8FE2E1D3402E400BE19FD /* T24News.app */ = {isa = PBXFileReference; explicitFileType = wrapper.application; includeInIndex = 0; path = T24News.app; sourceTree = BUILT_PRODUCTS_DIR; };
		4CD8FE321D3402E400BE19FD /* main.m */ = {isa = PBXFileReference; lastKnownFileType = sourcecode.c.objc; path = main.m; sourceTree = "<group>"; };
		4CD8FE341D3402E400BE19FD /* AppDelegate.h */ = {isa = PBXFileReference; lastKnownFileType = sourcecode.c.h; path = AppDelegate.h; sourceTree = "<group>"; };
		4CD8FE351D3402E400BE19FD /* AppDelegate.m */ = {isa = PBXFileReference; lastKnownFileType = sourcecode.c.objc; path = AppDelegate.m; sourceTree = "<group>"; };
		4CD8FE3B1D3402E400BE19FD /* Base */ = {isa = PBXFileReference; lastKnownFileType = file.storyboard; name = Base; path = Base.lproj/Main.storyboard; sourceTree = "<group>"; };
		4CD8FE3D1D3402E400BE19FD /* Assets.xcassets */ = {isa = PBXFileReference; lastKnownFileType = folder.assetcatalog; path = Assets.xcassets; sourceTree = "<group>"; };
		4CD8FE401D3402E400BE19FD /* Base */ = {isa = PBXFileReference; lastKnownFileType = file.storyboard; name = Base; path = Base.lproj/LaunchScreen.storyboard; sourceTree = "<group>"; };
		4CD8FE421D3402E400BE19FD /* Info.plist */ = {isa = PBXFileReference; lastKnownFileType = text.plist.xml; path = Info.plist; sourceTree = "<group>"; };
		4CD8FE471D3402E500BE19FD /* T24NewsTests.xctest */ = {isa = PBXFileReference; explicitFileType = wrapper.cfbundle; includeInIndex = 0; path = T24NewsTests.xctest; sourceTree = BUILT_PRODUCTS_DIR; };
		4CD8FE4B1D3402E500BE19FD /* T24NewsTests.m */ = {isa = PBXFileReference; lastKnownFileType = sourcecode.c.objc; path = T24NewsTests.m; sourceTree = "<group>"; };
		4CD8FE4D1D3402E500BE19FD /* Info.plist */ = {isa = PBXFileReference; lastKnownFileType = text.plist.xml; path = Info.plist; sourceTree = "<group>"; };
		4CD8FE521D3402E500BE19FD /* T24NewsUITests.xctest */ = {isa = PBXFileReference; explicitFileType = wrapper.cfbundle; includeInIndex = 0; path = T24NewsUITests.xctest; sourceTree = BUILT_PRODUCTS_DIR; };
		4CD8FE561D3402E500BE19FD /* T24NewsUITests.m */ = {isa = PBXFileReference; lastKnownFileType = sourcecode.c.objc; path = T24NewsUITests.m; sourceTree = "<group>"; };
		4CD8FE581D3402E500BE19FD /* Info.plist */ = {isa = PBXFileReference; lastKnownFileType = text.plist.xml; path = Info.plist; sourceTree = "<group>"; };
		4CD8FE651D3414D500BE19FD /* ServiceManager.h */ = {isa = PBXFileReference; fileEncoding = 4; lastKnownFileType = sourcecode.c.h; name = ServiceManager.h; path = Service/ServiceManager.h; sourceTree = "<group>"; };
		4CD8FE661D3414D500BE19FD /* ServiceManager.m */ = {isa = PBXFileReference; fileEncoding = 4; lastKnownFileType = sourcecode.c.objc; name = ServiceManager.m; path = Service/ServiceManager.m; sourceTree = "<group>"; };
		4CD8FE701D35AF0600BE19FD /* ViewController.h */ = {isa = PBXFileReference; fileEncoding = 4; lastKnownFileType = sourcecode.c.h; name = ViewController.h; path = ViewControllers/ViewController.h; sourceTree = "<group>"; };
		4CD8FE711D35AF0600BE19FD /* ViewController.m */ = {isa = PBXFileReference; fileEncoding = 4; lastKnownFileType = sourcecode.c.objc; name = ViewController.m; path = ViewControllers/ViewController.m; sourceTree = "<group>"; };
		4CD8FE731D35AF0E00BE19FD /* HotNewsViewController.h */ = {isa = PBXFileReference; fileEncoding = 4; lastKnownFileType = sourcecode.c.h; name = HotNewsViewController.h; path = ViewControllers/HotNews/HotNewsViewController.h; sourceTree = "<group>"; };
		4CD8FE741D35AF0E00BE19FD /* HotNewsViewController.m */ = {isa = PBXFileReference; fileEncoding = 4; lastKnownFileType = sourcecode.c.objc; name = HotNewsViewController.m; path = ViewControllers/HotNews/HotNewsViewController.m; sourceTree = "<group>"; };
		4CD8FE7E1D35AF7C00BE19FD /* HotNewsCollectionViewCell.h */ = {isa = PBXFileReference; fileEncoding = 4; lastKnownFileType = sourcecode.c.h; path = HotNewsCollectionViewCell.h; sourceTree = "<group>"; };
		4CD8FE7F1D35AF7C00BE19FD /* HotNewsCollectionViewCell.m */ = {isa = PBXFileReference; fileEncoding = 4; lastKnownFileType = sourcecode.c.objc; path = HotNewsCollectionViewCell.m; sourceTree = "<group>"; };
		4CD8FE821D35B3C100BE19FD /* StoriesCollectionViewCell.h */ = {isa = PBXFileReference; fileEncoding = 4; lastKnownFileType = sourcecode.c.h; path = StoriesCollectionViewCell.h; sourceTree = "<group>"; };
		4CD8FE831D35B3C100BE19FD /* StoriesCollectionViewCell.m */ = {isa = PBXFileReference; fileEncoding = 4; lastKnownFileType = sourcecode.c.objc; path = StoriesCollectionViewCell.m; sourceTree = "<group>"; };
		4CD8FE861D35B40F00BE19FD /* StoriesViewController.h */ = {isa = PBXFileReference; fileEncoding = 4; lastKnownFileType = sourcecode.c.h; path = StoriesViewController.h; sourceTree = "<group>"; };
		4CD8FE871D35B40F00BE19FD /* StoriesViewController.m */ = {isa = PBXFileReference; fileEncoding = 4; lastKnownFileType = sourcecode.c.objc; path = StoriesViewController.m; sourceTree = "<group>"; };
		4CD8FE8B1D35B62400BE19FD /* DataModels.h */ = {isa = PBXFileReference; fileEncoding = 4; lastKnownFileType = sourcecode.c.h; name = DataModels.h; path = Categories/DataModels.h; sourceTree = "<group>"; };
		4CD8FE8C1D35B62400BE19FD /* T24CategoriesData.h */ = {isa = PBXFileReference; fileEncoding = 4; lastKnownFileType = sourcecode.c.h; path = T24CategoriesData.h; sourceTree = "<group>"; };
		4CD8FE8D1D35B62400BE19FD /* T24CategoriesData.m */ = {isa = PBXFileReference; fileEncoding = 4; lastKnownFileType = sourcecode.c.objc; path = T24CategoriesData.m; sourceTree = "<group>"; };
		4CD8FE8E1D35B62400BE19FD /* T24CategoriesResponse.h */ = {isa = PBXFileReference; fileEncoding = 4; lastKnownFileType = sourcecode.c.h; path = T24CategoriesResponse.h; sourceTree = "<group>"; };
		4CD8FE8F1D35B62400BE19FD /* T24CategoriesResponse.m */ = {isa = PBXFileReference; fileEncoding = 4; lastKnownFileType = sourcecode.c.objc; path = T24CategoriesResponse.m; sourceTree = "<group>"; };
		4CD8FE911D35B62400BE19FD /* T24StoriesCategory.h */ = {isa = PBXFileReference; fileEncoding = 4; lastKnownFileType = sourcecode.c.h; path = T24StoriesCategory.h; sourceTree = "<group>"; };
		4CD8FE921D35B62400BE19FD /* T24StoriesCategory.m */ = {isa = PBXFileReference; fileEncoding = 4; lastKnownFileType = sourcecode.c.objc; path = T24StoriesCategory.m; sourceTree = "<group>"; };
		4CD8FE931D35B62400BE19FD /* T24StoriesData.h */ = {isa = PBXFileReference; fileEncoding = 4; lastKnownFileType = sourcecode.c.h; path = T24StoriesData.h; sourceTree = "<group>"; };
		4CD8FE941D35B62400BE19FD /* T24StoriesData.m */ = {isa = PBXFileReference; fileEncoding = 4; lastKnownFileType = sourcecode.c.objc; path = T24StoriesData.m; sourceTree = "<group>"; };
		4CD8FE951D35B62400BE19FD /* T24StoriesImages.h */ = {isa = PBXFileReference; fileEncoding = 4; lastKnownFileType = sourcecode.c.h; path = T24StoriesImages.h; sourceTree = "<group>"; };
		4CD8FE961D35B62400BE19FD /* T24StoriesImages.m */ = {isa = PBXFileReference; fileEncoding = 4; lastKnownFileType = sourcecode.c.objc; path = T24StoriesImages.m; sourceTree = "<group>"; };
		4CD8FE971D35B62400BE19FD /* T24StoriesPaging.h */ = {isa = PBXFileReference; fileEncoding = 4; lastKnownFileType = sourcecode.c.h; path = T24StoriesPaging.h; sourceTree = "<group>"; };
		4CD8FE981D35B62400BE19FD /* T24StoriesPaging.m */ = {isa = PBXFileReference; fileEncoding = 4; lastKnownFileType = sourcecode.c.objc; path = T24StoriesPaging.m; sourceTree = "<group>"; };
		4CD8FE991D35B62400BE19FD /* T24StoriesResponse.h */ = {isa = PBXFileReference; fileEncoding = 4; lastKnownFileType = sourcecode.c.h; path = T24StoriesResponse.h; sourceTree = "<group>"; };
		4CD8FE9A1D35B62400BE19FD /* T24StoriesResponse.m */ = {isa = PBXFileReference; fileEncoding = 4; lastKnownFileType = sourcecode.c.objc; path = T24StoriesResponse.m; sourceTree = "<group>"; };
		4CD8FE9B1D35B62400BE19FD /* T24StoriesStats.h */ = {isa = PBXFileReference; fileEncoding = 4; lastKnownFileType = sourcecode.c.h; path = T24StoriesStats.h; sourceTree = "<group>"; };
		4CD8FE9C1D35B62400BE19FD /* T24StoriesStats.m */ = {isa = PBXFileReference; fileEncoding = 4; lastKnownFileType = sourcecode.c.objc; path = T24StoriesStats.m; sourceTree = "<group>"; };
		4CD8FE9D1D35B62400BE19FD /* T24StoriesUrls.h */ = {isa = PBXFileReference; fileEncoding = 4; lastKnownFileType = sourcecode.c.h; path = T24StoriesUrls.h; sourceTree = "<group>"; };
		4CD8FE9E1D35B62400BE19FD /* T24StoriesUrls.m */ = {isa = PBXFileReference; fileEncoding = 4; lastKnownFileType = sourcecode.c.objc; path = T24StoriesUrls.m; sourceTree = "<group>"; };
		4CD8FEA81D35B6BE00BE19FD /* PrefixHeader.pch */ = {isa = PBXFileReference; fileEncoding = 4; lastKnownFileType = sourcecode.c.h; path = PrefixHeader.pch; sourceTree = "<group>"; };
		4CD8FEAA1D35BA3500BE19FD /* T24CategoryStoriesCategory.h */ = {isa = PBXFileReference; fileEncoding = 4; lastKnownFileType = sourcecode.c.h; path = T24CategoryStoriesCategory.h; sourceTree = "<group>"; };
		4CD8FEAB1D35BA3500BE19FD /* T24CategoryStoriesCategory.m */ = {isa = PBXFileReference; fileEncoding = 4; lastKnownFileType = sourcecode.c.objc; path = T24CategoryStoriesCategory.m; sourceTree = "<group>"; };
		4CD8FEAC1D35BA3500BE19FD /* T24CategoryStoriesData.h */ = {isa = PBXFileReference; fileEncoding = 4; lastKnownFileType = sourcecode.c.h; path = T24CategoryStoriesData.h; sourceTree = "<group>"; };
		4CD8FEAD1D35BA3500BE19FD /* T24CategoryStoriesData.m */ = {isa = PBXFileReference; fileEncoding = 4; lastKnownFileType = sourcecode.c.objc; path = T24CategoryStoriesData.m; sourceTree = "<group>"; };
		4CD8FEAE1D35BA3500BE19FD /* T24CategoryStoriesImages.h */ = {isa = PBXFileReference; fileEncoding = 4; lastKnownFileType = sourcecode.c.h; path = T24CategoryStoriesImages.h; sourceTree = "<group>"; };
		4CD8FEAF1D35BA3500BE19FD /* T24CategoryStoriesImages.m */ = {isa = PBXFileReference; fileEncoding = 4; lastKnownFileType = sourcecode.c.objc; path = T24CategoryStoriesImages.m; sourceTree = "<group>"; };
		4CD8FEB01D35BA3500BE19FD /* T24CategoryStoriesPaging.h */ = {isa = PBXFileReference; fileEncoding = 4; lastKnownFileType = sourcecode.c.h; path = T24CategoryStoriesPaging.h; sourceTree = "<group>"; };
		4CD8FEB11D35BA3500BE19FD /* T24CategoryStoriesPaging.m */ = {isa = PBXFileReference; fileEncoding = 4; lastKnownFileType = sourcecode.c.objc; path = T24CategoryStoriesPaging.m; sourceTree = "<group>"; };
		4CD8FEB21D35BA3500BE19FD /* T24CategoryStoriesResponse.h */ = {isa = PBXFileReference; fileEncoding = 4; lastKnownFileType = sourcecode.c.h; path = T24CategoryStoriesResponse.h; sourceTree = "<group>"; };
		4CD8FEB31D35BA3500BE19FD /* T24CategoryStoriesResponse.m */ = {isa = PBXFileReference; fileEncoding = 4; lastKnownFileType = sourcecode.c.objc; path = T24CategoryStoriesResponse.m; sourceTree = "<group>"; };
		4CD8FEB41D35BA3500BE19FD /* T24CategoryStoriesStats.h */ = {isa = PBXFileReference; fileEncoding = 4; lastKnownFileType = sourcecode.c.h; path = T24CategoryStoriesStats.h; sourceTree = "<group>"; };
		4CD8FEB51D35BA3500BE19FD /* T24CategoryStoriesStats.m */ = {isa = PBXFileReference; fileEncoding = 4; lastKnownFileType = sourcecode.c.objc; path = T24CategoryStoriesStats.m; sourceTree = "<group>"; };
		4CD8FEB61D35BA3500BE19FD /* T24CategoryStoriesUrls.h */ = {isa = PBXFileReference; fileEncoding = 4; lastKnownFileType = sourcecode.c.h; path = T24CategoryStoriesUrls.h; sourceTree = "<group>"; };
		4CD8FEB71D35BA3500BE19FD /* T24CategoryStoriesUrls.m */ = {isa = PBXFileReference; fileEncoding = 4; lastKnownFileType = sourcecode.c.objc; path = T24CategoryStoriesUrls.m; sourceTree = "<group>"; };
		4CD8FEC01D35BD3100BE19FD /* T24StoryAuthor.h */ = {isa = PBXFileReference; fileEncoding = 4; lastKnownFileType = sourcecode.c.h; path = T24StoryAuthor.h; sourceTree = "<group>"; };
		4CD8FEC11D35BD3100BE19FD /* T24StoryAuthor.m */ = {isa = PBXFileReference; fileEncoding = 4; lastKnownFileType = sourcecode.c.objc; path = T24StoryAuthor.m; sourceTree = "<group>"; };
		4CD8FEC21D35BD3100BE19FD /* T24StoryCategory.h */ = {isa = PBXFileReference; fileEncoding = 4; lastKnownFileType = sourcecode.c.h; path = T24StoryCategory.h; sourceTree = "<group>"; };
		4CD8FEC31D35BD3100BE19FD /* T24StoryCategory.m */ = {isa = PBXFileReference; fileEncoding = 4; lastKnownFileType = sourcecode.c.objc; path = T24StoryCategory.m; sourceTree = "<group>"; };
		4CD8FEC41D35BD3100BE19FD /* T24StoryData.h */ = {isa = PBXFileReference; fileEncoding = 4; lastKnownFileType = sourcecode.c.h; path = T24StoryData.h; sourceTree = "<group>"; };
		4CD8FEC51D35BD3100BE19FD /* T24StoryData.m */ = {isa = PBXFileReference; fileEncoding = 4; lastKnownFileType = sourcecode.c.objc; path = T24StoryData.m; sourceTree = "<group>"; };
		4CD8FEC61D35BD3100BE19FD /* T24StoryImages.h */ = {isa = PBXFileReference; fileEncoding = 4; lastKnownFileType = sourcecode.c.h; path = T24StoryImages.h; sourceTree = "<group>"; };
		4CD8FEC71D35BD3100BE19FD /* T24StoryImages.m */ = {isa = PBXFileReference; fileEncoding = 4; lastKnownFileType = sourcecode.c.objc; path = T24StoryImages.m; sourceTree = "<group>"; };
		4CD8FEC81D35BD3100BE19FD /* T24StoryResponse.h */ = {isa = PBXFileReference; fileEncoding = 4; lastKnownFileType = sourcecode.c.h; path = T24StoryResponse.h; sourceTree = "<group>"; };
		4CD8FEC91D35BD3100BE19FD /* T24StoryResponse.m */ = {isa = PBXFileReference; fileEncoding = 4; lastKnownFileType = sourcecode.c.objc; path = T24StoryResponse.m; sourceTree = "<group>"; };
		4CD8FECA1D35BD3100BE19FD /* T24StoryStats.h */ = {isa = PBXFileReference; fileEncoding = 4; lastKnownFileType = sourcecode.c.h; path = T24StoryStats.h; sourceTree = "<group>"; };
		4CD8FECB1D35BD3100BE19FD /* T24StoryStats.m */ = {isa = PBXFileReference; fileEncoding = 4; lastKnownFileType = sourcecode.c.objc; path = T24StoryStats.m; sourceTree = "<group>"; };
		4CD8FECC1D35BD3100BE19FD /* T24StoryUrls.h */ = {isa = PBXFileReference; fileEncoding = 4; lastKnownFileType = sourcecode.c.h; path = T24StoryUrls.h; sourceTree = "<group>"; };
		4CD8FECD1D35BD3100BE19FD /* T24StoryUrls.m */ = {isa = PBXFileReference; fileEncoding = 4; lastKnownFileType = sourcecode.c.objc; path = T24StoryUrls.m; sourceTree = "<group>"; };
		DE4047DDF3FE2AA1D4106C4D /* libPods-T24News.a */ = {isa = PBXFileReference; explicitFileType = archive.ar; includeInIndex = 0; path = "libPods-T24News.a"; sourceTree = BUILT_PRODUCTS_DIR; };
		EACF02FA8A0BACCE757841E4 /* Pods-T24News.release.xcconfig */ = {isa = PBXFileReference; includeInIndex = 1; lastKnownFileType = text.xcconfig; name = "Pods-T24News.release.xcconfig"; path = "Pods/Target Support Files/Pods-T24News/Pods-T24News.release.xcconfig"; sourceTree = "<group>"; };
/* End PBXFileReference section */

/* Begin PBXFrameworksBuildPhase section */
		4CD8FE2B1D3402E400BE19FD /* Frameworks */ = {
			isa = PBXFrameworksBuildPhase;
			buildActionMask = 2147483647;
			files = (
				60FC381726582D6C8CF53322 /* libPods-T24News.a in Frameworks */,
			);
			runOnlyForDeploymentPostprocessing = 0;
		};
		4CD8FE441D3402E500BE19FD /* Frameworks */ = {
			isa = PBXFrameworksBuildPhase;
			buildActionMask = 2147483647;
			files = (
			);
			runOnlyForDeploymentPostprocessing = 0;
		};
		4CD8FE4F1D3402E500BE19FD /* Frameworks */ = {
			isa = PBXFrameworksBuildPhase;
			buildActionMask = 2147483647;
			files = (
			);
			runOnlyForDeploymentPostprocessing = 0;
		};
/* End PBXFrameworksBuildPhase section */

/* Begin PBXGroup section */
		4CD8FE251D3402E400BE19FD = {
			isa = PBXGroup;
			children = (
				4CD8FE301D3402E400BE19FD /* T24News */,
				4CD8FE4A1D3402E500BE19FD /* T24NewsTests */,
				4CD8FE551D3402E500BE19FD /* T24NewsUITests */,
				4CD8FE2F1D3402E400BE19FD /* Products */,
				E155A65A066B0C74532F12CC /* Pods */,
				971918449E207935025B97CA /* Frameworks */,
			);
			sourceTree = "<group>";
		};
		4CD8FE2F1D3402E400BE19FD /* Products */ = {
			isa = PBXGroup;
			children = (
				4CD8FE2E1D3402E400BE19FD /* T24News.app */,
				4CD8FE471D3402E500BE19FD /* T24NewsTests.xctest */,
				4CD8FE521D3402E500BE19FD /* T24NewsUITests.xctest */,
			);
			name = Products;
			sourceTree = "<group>";
		};
		4CD8FE301D3402E400BE19FD /* T24News */ = {
			isa = PBXGroup;
			children = (
				4CD8FE641D3414B100BE19FD /* Service */,
				4CD8FE341D3402E400BE19FD /* AppDelegate.h */,
				4CD8FE351D3402E400BE19FD /* AppDelegate.m */,
				4CD8FE6F1D35AEDA00BE19FD /* ViewControllers */,
				4CD8FE3A1D3402E400BE19FD /* Main.storyboard */,
				4CD8FEA81D35B6BE00BE19FD /* PrefixHeader.pch */,
				4CD8FE7C1D35AF7C00BE19FD /* Views */,
				4CD8FE3D1D3402E400BE19FD /* Assets.xcassets */,
				4CD8FE3F1D3402E400BE19FD /* LaunchScreen.storyboard */,
				4CD8FE421D3402E400BE19FD /* Info.plist */,
				4CD8FE311D3402E400BE19FD /* Supporting Files */,
			);
			path = T24News;
			sourceTree = "<group>";
		};
		4CD8FE311D3402E400BE19FD /* Supporting Files */ = {
			isa = PBXGroup;
			children = (
				4CD8FE321D3402E400BE19FD /* main.m */,
			);
			name = "Supporting Files";
			sourceTree = "<group>";
		};
		4CD8FE4A1D3402E500BE19FD /* T24NewsTests */ = {
			isa = PBXGroup;
			children = (
				4CD8FE4B1D3402E500BE19FD /* T24NewsTests.m */,
				4CD8FE4D1D3402E500BE19FD /* Info.plist */,
			);
			path = T24NewsTests;
			sourceTree = "<group>";
		};
		4CD8FE551D3402E500BE19FD /* T24NewsUITests */ = {
			isa = PBXGroup;
			children = (
				4CD8FE561D3402E500BE19FD /* T24NewsUITests.m */,
				4CD8FE581D3402E500BE19FD /* Info.plist */,
			);
			path = T24NewsUITests;
			sourceTree = "<group>";
		};
		4CD8FE641D3414B100BE19FD /* Service */ = {
			isa = PBXGroup;
			children = (
				4CD8FE651D3414D500BE19FD /* ServiceManager.h */,
				4CD8FE661D3414D500BE19FD /* ServiceManager.m */,
				4CD8FE891D35B62400BE19FD /* Models */,
			);
			name = Service;
			sourceTree = "<group>";
		};
		4CD8FE6A1D35A1B200BE19FD /* MainViewContorller */ = {
			isa = PBXGroup;
			children = (
				4CD8FE701D35AF0600BE19FD /* ViewController.h */,
				4CD8FE711D35AF0600BE19FD /* ViewController.m */,
			);
			name = MainViewContorller;
			sourceTree = "<group>";
		};
		4CD8FE6E1D35A1F100BE19FD /* HotNews */ = {
			isa = PBXGroup;
			children = (
				4CD8FE731D35AF0E00BE19FD /* HotNewsViewController.h */,
				4CD8FE741D35AF0E00BE19FD /* HotNewsViewController.m */,
			);
			name = HotNews;
			sourceTree = "<group>";
		};
		4CD8FE6F1D35AEDA00BE19FD /* ViewControllers */ = {
			isa = PBXGroup;
			children = (
				4CD8FE851D35B3FF00BE19FD /* StoriesViewController */,
				4CD8FE6E1D35A1F100BE19FD /* HotNews */,
				4CD8FE6A1D35A1B200BE19FD /* MainViewContorller */,
			);
			name = ViewControllers;
			sourceTree = "<group>";
		};
		4CD8FE7C1D35AF7C00BE19FD /* Views */ = {
			isa = PBXGroup;
			children = (
				4CD8FE811D35B3AF00BE19FD /* StoriesNesCollectionViewCell */,
				4CD8FE7D1D35AF7C00BE19FD /* HotNewsCollectionViewCell */,
			);
			path = Views;
			sourceTree = "<group>";
		};
		4CD8FE7D1D35AF7C00BE19FD /* HotNewsCollectionViewCell */ = {
			isa = PBXGroup;
			children = (
				4CD8FE7E1D35AF7C00BE19FD /* HotNewsCollectionViewCell.h */,
				4CD8FE7F1D35AF7C00BE19FD /* HotNewsCollectionViewCell.m */,
			);
			path = HotNewsCollectionViewCell;
			sourceTree = "<group>";
		};
		4CD8FE811D35B3AF00BE19FD /* StoriesNesCollectionViewCell */ = {
			isa = PBXGroup;
			children = (
				4CD8FE821D35B3C100BE19FD /* StoriesCollectionViewCell.h */,
				4CD8FE831D35B3C100BE19FD /* StoriesCollectionViewCell.m */,
			);
			path = StoriesNesCollectionViewCell;
			sourceTree = "<group>";
		};
		4CD8FE851D35B3FF00BE19FD /* StoriesViewController */ = {
			isa = PBXGroup;
			children = (
				4CD8FE861D35B40F00BE19FD /* StoriesViewController.h */,
				4CD8FE871D35B40F00BE19FD /* StoriesViewController.m */,
			);
			name = StoriesViewController;
			path = ViewControllers/StoriesViewController;
			sourceTree = "<group>";
		};
		4CD8FE891D35B62400BE19FD /* Models */ = {
			isa = PBXGroup;
			children = (
				4CD8FE8B1D35B62400BE19FD /* DataModels.h */,
				4CD8FEBF1D35BD3100BE19FD /* Story */,
				4CD8FEA91D35BA3500BE19FD /* CategoryStories */,
				4CD8FE8A1D35B62400BE19FD /* Categories */,
				4CD8FE901D35B62400BE19FD /* StoriesPage */,
			);
			path = Models;
			sourceTree = "<group>";
		};
		4CD8FE8A1D35B62400BE19FD /* Categories */ = {
			isa = PBXGroup;
			children = (
				4CD8FE8C1D35B62400BE19FD /* T24CategoriesData.h */,
				4CD8FE8D1D35B62400BE19FD /* T24CategoriesData.m */,
				4CD8FE8E1D35B62400BE19FD /* T24CategoriesResponse.h */,
				4CD8FE8F1D35B62400BE19FD /* T24CategoriesResponse.m */,
			);
			path = Categories;
			sourceTree = "<group>";
		};
		4CD8FE901D35B62400BE19FD /* StoriesPage */ = {
			isa = PBXGroup;
			children = (
				4CD8FE911D35B62400BE19FD /* T24StoriesCategory.h */,
				4CD8FE921D35B62400BE19FD /* T24StoriesCategory.m */,
				4CD8FE931D35B62400BE19FD /* T24StoriesData.h */,
				4CD8FE941D35B62400BE19FD /* T24StoriesData.m */,
				4CD8FE951D35B62400BE19FD /* T24StoriesImages.h */,
				4CD8FE961D35B62400BE19FD /* T24StoriesImages.m */,
				4CD8FE971D35B62400BE19FD /* T24StoriesPaging.h */,
				4CD8FE981D35B62400BE19FD /* T24StoriesPaging.m */,
				4CD8FE991D35B62400BE19FD /* T24StoriesResponse.h */,
				4CD8FE9A1D35B62400BE19FD /* T24StoriesResponse.m */,
				4CD8FE9B1D35B62400BE19FD /* T24StoriesStats.h */,
				4CD8FE9C1D35B62400BE19FD /* T24StoriesStats.m */,
				4CD8FE9D1D35B62400BE19FD /* T24StoriesUrls.h */,
				4CD8FE9E1D35B62400BE19FD /* T24StoriesUrls.m */,
			);
			path = StoriesPage;
			sourceTree = "<group>";
		};
		4CD8FEA91D35BA3500BE19FD /* CategoryStories */ = {
			isa = PBXGroup;
			children = (
				4CD8FEAA1D35BA3500BE19FD /* T24CategoryStoriesCategory.h */,
				4CD8FEAB1D35BA3500BE19FD /* T24CategoryStoriesCategory.m */,
				4CD8FEAC1D35BA3500BE19FD /* T24CategoryStoriesData.h */,
				4CD8FEAD1D35BA3500BE19FD /* T24CategoryStoriesData.m */,
				4CD8FEAE1D35BA3500BE19FD /* T24CategoryStoriesImages.h */,
				4CD8FEAF1D35BA3500BE19FD /* T24CategoryStoriesImages.m */,
				4CD8FEB01D35BA3500BE19FD /* T24CategoryStoriesPaging.h */,
				4CD8FEB11D35BA3500BE19FD /* T24CategoryStoriesPaging.m */,
				4CD8FEB21D35BA3500BE19FD /* T24CategoryStoriesResponse.h */,
				4CD8FEB31D35BA3500BE19FD /* T24CategoryStoriesResponse.m */,
				4CD8FEB41D35BA3500BE19FD /* T24CategoryStoriesStats.h */,
				4CD8FEB51D35BA3500BE19FD /* T24CategoryStoriesStats.m */,
				4CD8FEB61D35BA3500BE19FD /* T24CategoryStoriesUrls.h */,
				4CD8FEB71D35BA3500BE19FD /* T24CategoryStoriesUrls.m */,
			);
			path = CategoryStories;
			sourceTree = "<group>";
		};
		4CD8FEBF1D35BD3100BE19FD /* Story */ = {
			isa = PBXGroup;
			children = (
				4CD8FEC01D35BD3100BE19FD /* T24StoryAuthor.h */,
				4CD8FEC11D35BD3100BE19FD /* T24StoryAuthor.m */,
				4CD8FEC21D35BD3100BE19FD /* T24StoryCategory.h */,
				4CD8FEC31D35BD3100BE19FD /* T24StoryCategory.m */,
				4CD8FEC41D35BD3100BE19FD /* T24StoryData.h */,
				4CD8FEC51D35BD3100BE19FD /* T24StoryData.m */,
				4CD8FEC61D35BD3100BE19FD /* T24StoryImages.h */,
				4CD8FEC71D35BD3100BE19FD /* T24StoryImages.m */,
				4CD8FEC81D35BD3100BE19FD /* T24StoryResponse.h */,
				4CD8FEC91D35BD3100BE19FD /* T24StoryResponse.m */,
				4CD8FECA1D35BD3100BE19FD /* T24StoryStats.h */,
				4CD8FECB1D35BD3100BE19FD /* T24StoryStats.m */,
				4CD8FECC1D35BD3100BE19FD /* T24StoryUrls.h */,
				4CD8FECD1D35BD3100BE19FD /* T24StoryUrls.m */,
			);
			path = Story;
			sourceTree = "<group>";
		};
		971918449E207935025B97CA /* Frameworks */ = {
			isa = PBXGroup;
			children = (
				DE4047DDF3FE2AA1D4106C4D /* libPods-T24News.a */,
			);
			name = Frameworks;
			sourceTree = "<group>";
		};
		E155A65A066B0C74532F12CC /* Pods */ = {
			isa = PBXGroup;
			children = (
				41FA5E5F6C300DB8ADFD218F /* Pods-T24News.debug.xcconfig */,
				EACF02FA8A0BACCE757841E4 /* Pods-T24News.release.xcconfig */,
			);
			name = Pods;
			sourceTree = "<group>";
		};
/* End PBXGroup section */

/* Begin PBXNativeTarget section */
		4CD8FE2D1D3402E400BE19FD /* T24News */ = {
			isa = PBXNativeTarget;
			buildConfigurationList = 4CD8FE5B1D3402E500BE19FD /* Build configuration list for PBXNativeTarget "T24News" */;
			buildPhases = (
				DD80E5B300F7D74984298F71 /* Check Pods Manifest.lock */,
				4CD8FE2A1D3402E400BE19FD /* Sources */,
				4CD8FE2B1D3402E400BE19FD /* Frameworks */,
				4CD8FE2C1D3402E400BE19FD /* Resources */,
				0329E3A42A1B4DAA6468419E /* Embed Pods Frameworks */,
				2DAB56153CA3DD2A4ED43BC9 /* Copy Pods Resources */,
			);
			buildRules = (
			);
			dependencies = (
			);
			name = T24News;
			productName = T24News;
			productReference = 4CD8FE2E1D3402E400BE19FD /* T24News.app */;
			productType = "com.apple.product-type.application";
		};
		4CD8FE461D3402E500BE19FD /* T24NewsTests */ = {
			isa = PBXNativeTarget;
			buildConfigurationList = 4CD8FE5E1D3402E500BE19FD /* Build configuration list for PBXNativeTarget "T24NewsTests" */;
			buildPhases = (
				4CD8FE431D3402E500BE19FD /* Sources */,
				4CD8FE441D3402E500BE19FD /* Frameworks */,
				4CD8FE451D3402E500BE19FD /* Resources */,
			);
			buildRules = (
			);
			dependencies = (
				4CD8FE491D3402E500BE19FD /* PBXTargetDependency */,
			);
			name = T24NewsTests;
			productName = T24NewsTests;
			productReference = 4CD8FE471D3402E500BE19FD /* T24NewsTests.xctest */;
			productType = "com.apple.product-type.bundle.unit-test";
		};
		4CD8FE511D3402E500BE19FD /* T24NewsUITests */ = {
			isa = PBXNativeTarget;
			buildConfigurationList = 4CD8FE611D3402E500BE19FD /* Build configuration list for PBXNativeTarget "T24NewsUITests" */;
			buildPhases = (
				4CD8FE4E1D3402E500BE19FD /* Sources */,
				4CD8FE4F1D3402E500BE19FD /* Frameworks */,
				4CD8FE501D3402E500BE19FD /* Resources */,
			);
			buildRules = (
			);
			dependencies = (
				4CD8FE541D3402E500BE19FD /* PBXTargetDependency */,
			);
			name = T24NewsUITests;
			productName = T24NewsUITests;
			productReference = 4CD8FE521D3402E500BE19FD /* T24NewsUITests.xctest */;
			productType = "com.apple.product-type.bundle.ui-testing";
		};
/* End PBXNativeTarget section */

/* Begin PBXProject section */
		4CD8FE261D3402E400BE19FD /* Project object */ = {
			isa = PBXProject;
			attributes = {
				LastUpgradeCheck = 0730;
				ORGANIZATIONNAME = "Umut Afacan";
				TargetAttributes = {
					4CD8FE2D1D3402E400BE19FD = {
						CreatedOnToolsVersion = 7.3;
					};
					4CD8FE461D3402E500BE19FD = {
						CreatedOnToolsVersion = 7.3;
						TestTargetID = 4CD8FE2D1D3402E400BE19FD;
					};
					4CD8FE511D3402E500BE19FD = {
						CreatedOnToolsVersion = 7.3;
						TestTargetID = 4CD8FE2D1D3402E400BE19FD;
					};
				};
			};
			buildConfigurationList = 4CD8FE291D3402E400BE19FD /* Build configuration list for PBXProject "T24News" */;
			compatibilityVersion = "Xcode 3.2";
			developmentRegion = English;
			hasScannedForEncodings = 0;
			knownRegions = (
				en,
				Base,
			);
			mainGroup = 4CD8FE251D3402E400BE19FD;
			productRefGroup = 4CD8FE2F1D3402E400BE19FD /* Products */;
			projectDirPath = "";
			projectRoot = "";
			targets = (
				4CD8FE2D1D3402E400BE19FD /* T24News */,
				4CD8FE461D3402E500BE19FD /* T24NewsTests */,
				4CD8FE511D3402E500BE19FD /* T24NewsUITests */,
			);
		};
/* End PBXProject section */

/* Begin PBXResourcesBuildPhase section */
		4CD8FE2C1D3402E400BE19FD /* Resources */ = {
			isa = PBXResourcesBuildPhase;
			buildActionMask = 2147483647;
			files = (
				4CD8FE411D3402E400BE19FD /* LaunchScreen.storyboard in Resources */,
				4CD8FE3E1D3402E400BE19FD /* Assets.xcassets in Resources */,
				4CD8FE3C1D3402E400BE19FD /* Main.storyboard in Resources */,
			);
			runOnlyForDeploymentPostprocessing = 0;
		};
		4CD8FE451D3402E500BE19FD /* Resources */ = {
			isa = PBXResourcesBuildPhase;
			buildActionMask = 2147483647;
			files = (
			);
			runOnlyForDeploymentPostprocessing = 0;
		};
		4CD8FE501D3402E500BE19FD /* Resources */ = {
			isa = PBXResourcesBuildPhase;
			buildActionMask = 2147483647;
			files = (
			);
			runOnlyForDeploymentPostprocessing = 0;
		};
/* End PBXResourcesBuildPhase section */

/* Begin PBXShellScriptBuildPhase section */
		0329E3A42A1B4DAA6468419E /* Embed Pods Frameworks */ = {
			isa = PBXShellScriptBuildPhase;
			buildActionMask = 2147483647;
			files = (
			);
			inputPaths = (
			);
			name = "Embed Pods Frameworks";
			outputPaths = (
			);
			runOnlyForDeploymentPostprocessing = 0;
			shellPath = /bin/sh;
			shellScript = "\"${SRCROOT}/Pods/Target Support Files/Pods-T24News/Pods-T24News-frameworks.sh\"\n";
			showEnvVarsInLog = 0;
		};
		2DAB56153CA3DD2A4ED43BC9 /* Copy Pods Resources */ = {
			isa = PBXShellScriptBuildPhase;
			buildActionMask = 2147483647;
			files = (
			);
			inputPaths = (
			);
			name = "Copy Pods Resources";
			outputPaths = (
			);
			runOnlyForDeploymentPostprocessing = 0;
			shellPath = /bin/sh;
			shellScript = "\"${SRCROOT}/Pods/Target Support Files/Pods-T24News/Pods-T24News-resources.sh\"\n";
			showEnvVarsInLog = 0;
		};
		DD80E5B300F7D74984298F71 /* Check Pods Manifest.lock */ = {
			isa = PBXShellScriptBuildPhase;
			buildActionMask = 2147483647;
			files = (
			);
			inputPaths = (
			);
			name = "Check Pods Manifest.lock";
			outputPaths = (
			);
			runOnlyForDeploymentPostprocessing = 0;
			shellPath = /bin/sh;
			shellScript = "diff \"${PODS_ROOT}/../Podfile.lock\" \"${PODS_ROOT}/Manifest.lock\" > /dev/null\nif [[ $? != 0 ]] ; then\n    cat << EOM\nerror: The sandbox is not in sync with the Podfile.lock. Run 'pod install' or update your CocoaPods installation.\nEOM\n    exit 1\nfi\n";
			showEnvVarsInLog = 0;
		};
/* End PBXShellScriptBuildPhase section */

/* Begin PBXSourcesBuildPhase section */
		4CD8FE2A1D3402E400BE19FD /* Sources */ = {
			isa = PBXSourcesBuildPhase;
			buildActionMask = 2147483647;
			files = (
				4CD8FED01D35BD3100BE19FD /* T24StoryData.m in Sources */,
				4CD8FE361D3402E400BE19FD /* AppDelegate.m in Sources */,
				4CD8FEA11D35B62400BE19FD /* T24StoriesCategory.m in Sources */,
				4CD8FEBE1D35BA3500BE19FD /* T24CategoryStoriesUrls.m in Sources */,
				4CD8FEA31D35B62400BE19FD /* T24StoriesImages.m in Sources */,
				4CD8FE331D3402E400BE19FD /* main.m in Sources */,
				4CD8FEB81D35BA3500BE19FD /* T24CategoryStoriesCategory.m in Sources */,
				4CD8FE881D35B40F00BE19FD /* StoriesViewController.m in Sources */,
				4CD8FED41D35BD3100BE19FD /* T24StoryUrls.m in Sources */,
				4CD8FEA21D35B62400BE19FD /* T24StoriesData.m in Sources */,
				4CD8FED21D35BD3100BE19FD /* T24StoryResponse.m in Sources */,
				4CD8FECF1D35BD3100BE19FD /* T24StoryCategory.m in Sources */,
				4CD8FEA71D35B62400BE19FD /* T24StoriesUrls.m in Sources */,
				4CD8FEBA1D35BA3500BE19FD /* T24CategoryStoriesImages.m in Sources */,
				4CD8FEB91D35BA3500BE19FD /* T24CategoryStoriesData.m in Sources */,
				4CD8FEA41D35B62400BE19FD /* T24StoriesPaging.m in Sources */,
				4CD8FECE1D35BD3100BE19FD /* T24StoryAuthor.m in Sources */,
				4CD8FEA51D35B62400BE19FD /* T24StoriesResponse.m in Sources */,
				4CD8FED11D35BD3100BE19FD /* T24StoryImages.m in Sources */,
				4CD8FE9F1D35B62400BE19FD /* T24CategoriesData.m in Sources */,
				4CD8FE721D35AF0600BE19FD /* ViewController.m in Sources */,
				4CD8FED31D35BD3100BE19FD /* T24StoryStats.m in Sources */,
				4CD8FEBB1D35BA3500BE19FD /* T24CategoryStoriesPaging.m in Sources */,
				4CD8FEA01D35B62400BE19FD /* T24CategoriesResponse.m in Sources */,
				4CD8FE841D35B3C100BE19FD /* StoriesCollectionViewCell.m in Sources */,
				4CD8FE801D35AF7C00BE19FD /* HotNewsCollectionViewCell.m in Sources */,
				4CD8FE751D35AF0E00BE19FD /* HotNewsViewController.m in Sources */,
				4CD8FEA61D35B62400BE19FD /* T24StoriesStats.m in Sources */,
				4CD8FE671D3414D500BE19FD /* ServiceManager.m in Sources */,
				4CD8FEBD1D35BA3500BE19FD /* T24CategoryStoriesStats.m in Sources */,
				4CD8FEBC1D35BA3500BE19FD /* T24CategoryStoriesResponse.m in Sources */,
			);
			runOnlyForDeploymentPostprocessing = 0;
		};
		4CD8FE431D3402E500BE19FD /* Sources */ = {
			isa = PBXSourcesBuildPhase;
			buildActionMask = 2147483647;
			files = (
				4CD8FE4C1D3402E500BE19FD /* T24NewsTests.m in Sources */,
				4CD8FE681D3414D500BE19FD /* ServiceManager.m in Sources */,
			);
			runOnlyForDeploymentPostprocessing = 0;
		};
		4CD8FE4E1D3402E500BE19FD /* Sources */ = {
			isa = PBXSourcesBuildPhase;
			buildActionMask = 2147483647;
			files = (
				4CD8FE571D3402E500BE19FD /* T24NewsUITests.m in Sources */,
				4CD8FE691D3414D500BE19FD /* ServiceManager.m in Sources */,
			);
			runOnlyForDeploymentPostprocessing = 0;
		};
/* End PBXSourcesBuildPhase section */

/* Begin PBXTargetDependency section */
		4CD8FE491D3402E500BE19FD /* PBXTargetDependency */ = {
			isa = PBXTargetDependency;
			target = 4CD8FE2D1D3402E400BE19FD /* T24News */;
			targetProxy = 4CD8FE481D3402E500BE19FD /* PBXContainerItemProxy */;
		};
		4CD8FE541D3402E500BE19FD /* PBXTargetDependency */ = {
			isa = PBXTargetDependency;
			target = 4CD8FE2D1D3402E400BE19FD /* T24News */;
			targetProxy = 4CD8FE531D3402E500BE19FD /* PBXContainerItemProxy */;
		};
/* End PBXTargetDependency section */

/* Begin PBXVariantGroup section */
		4CD8FE3A1D3402E400BE19FD /* Main.storyboard */ = {
			isa = PBXVariantGroup;
			children = (
				4CD8FE3B1D3402E400BE19FD /* Base */,
			);
			name = Main.storyboard;
			sourceTree = "<group>";
		};
		4CD8FE3F1D3402E400BE19FD /* LaunchScreen.storyboard */ = {
			isa = PBXVariantGroup;
			children = (
				4CD8FE401D3402E400BE19FD /* Base */,
			);
			name = LaunchScreen.storyboard;
			sourceTree = "<group>";
		};
/* End PBXVariantGroup section */

/* Begin XCBuildConfiguration section */
		4CD8FE591D3402E500BE19FD /* Debug */ = {
			isa = XCBuildConfiguration;
			buildSettings = {
				ALWAYS_SEARCH_USER_PATHS = NO;
				CLANG_ANALYZER_NONNULL = YES;
				CLANG_CXX_LANGUAGE_STANDARD = "gnu++0x";
				CLANG_CXX_LIBRARY = "libc++";
				CLANG_ENABLE_MODULES = YES;
				CLANG_ENABLE_OBJC_ARC = YES;
				CLANG_WARN_BOOL_CONVERSION = YES;
				CLANG_WARN_CONSTANT_CONVERSION = YES;
				CLANG_WARN_DIRECT_OBJC_ISA_USAGE = YES_ERROR;
				CLANG_WARN_EMPTY_BODY = YES;
				CLANG_WARN_ENUM_CONVERSION = YES;
				CLANG_WARN_INT_CONVERSION = YES;
				CLANG_WARN_OBJC_ROOT_CLASS = YES_ERROR;
				CLANG_WARN_UNREACHABLE_CODE = YES;
				CLANG_WARN__DUPLICATE_METHOD_MATCH = YES;
				"CODE_SIGN_IDENTITY[sdk=iphoneos*]" = "iPhone Developer";
				COPY_PHASE_STRIP = NO;
				DEBUG_INFORMATION_FORMAT = dwarf;
				ENABLE_STRICT_OBJC_MSGSEND = YES;
				ENABLE_TESTABILITY = YES;
				GCC_C_LANGUAGE_STANDARD = gnu99;
				GCC_DYNAMIC_NO_PIC = NO;
				GCC_NO_COMMON_BLOCKS = YES;
				GCC_OPTIMIZATION_LEVEL = 0;
				GCC_PREPROCESSOR_DEFINITIONS = (
					"DEBUG=1",
					"$(inherited)",
				);
				GCC_WARN_64_TO_32_BIT_CONVERSION = YES;
				GCC_WARN_ABOUT_RETURN_TYPE = YES_ERROR;
				GCC_WARN_UNDECLARED_SELECTOR = YES;
				GCC_WARN_UNINITIALIZED_AUTOS = YES_AGGRESSIVE;
				GCC_WARN_UNUSED_FUNCTION = YES;
				GCC_WARN_UNUSED_VARIABLE = YES;
				IPHONEOS_DEPLOYMENT_TARGET = 9.3;
				MTL_ENABLE_DEBUG_INFO = YES;
				ONLY_ACTIVE_ARCH = YES;
				SDKROOT = iphoneos;
			};
			name = Debug;
		};
		4CD8FE5A1D3402E500BE19FD /* Release */ = {
			isa = XCBuildConfiguration;
			buildSettings = {
				ALWAYS_SEARCH_USER_PATHS = NO;
				CLANG_ANALYZER_NONNULL = YES;
				CLANG_CXX_LANGUAGE_STANDARD = "gnu++0x";
				CLANG_CXX_LIBRARY = "libc++";
				CLANG_ENABLE_MODULES = YES;
				CLANG_ENABLE_OBJC_ARC = YES;
				CLANG_WARN_BOOL_CONVERSION = YES;
				CLANG_WARN_CONSTANT_CONVERSION = YES;
				CLANG_WARN_DIRECT_OBJC_ISA_USAGE = YES_ERROR;
				CLANG_WARN_EMPTY_BODY = YES;
				CLANG_WARN_ENUM_CONVERSION = YES;
				CLANG_WARN_INT_CONVERSION = YES;
				CLANG_WARN_OBJC_ROOT_CLASS = YES_ERROR;
				CLANG_WARN_UNREACHABLE_CODE = YES;
				CLANG_WARN__DUPLICATE_METHOD_MATCH = YES;
				"CODE_SIGN_IDENTITY[sdk=iphoneos*]" = "iPhone Developer";
				COPY_PHASE_STRIP = NO;
				DEBUG_INFORMATION_FORMAT = "dwarf-with-dsym";
				ENABLE_NS_ASSERTIONS = NO;
				ENABLE_STRICT_OBJC_MSGSEND = YES;
				GCC_C_LANGUAGE_STANDARD = gnu99;
				GCC_NO_COMMON_BLOCKS = YES;
				GCC_WARN_64_TO_32_BIT_CONVERSION = YES;
				GCC_WARN_ABOUT_RETURN_TYPE = YES_ERROR;
				GCC_WARN_UNDECLARED_SELECTOR = YES;
				GCC_WARN_UNINITIALIZED_AUTOS = YES_AGGRESSIVE;
				GCC_WARN_UNUSED_FUNCTION = YES;
				GCC_WARN_UNUSED_VARIABLE = YES;
				IPHONEOS_DEPLOYMENT_TARGET = 9.3;
				MTL_ENABLE_DEBUG_INFO = NO;
				SDKROOT = iphoneos;
				VALIDATE_PRODUCT = YES;
			};
			name = Release;
		};
		4CD8FE5C1D3402E500BE19FD /* Debug */ = {
			isa = XCBuildConfiguration;
			baseConfigurationReference = 41FA5E5F6C300DB8ADFD218F /* Pods-T24News.debug.xcconfig */;
			buildSettings = {
				ASSETCATALOG_COMPILER_APPICON_NAME = AppIcon;
				GCC_PREFIX_HEADER = "$(SRCROOT)/T24News/PrefixHeader.pch";
				INFOPLIST_FILE = T24News/Info.plist;
				IPHONEOS_DEPLOYMENT_TARGET = 8.0;
				LD_RUNPATH_SEARCH_PATHS = "$(inherited) @executable_path/Frameworks";
				PRODUCT_BUNDLE_IDENTIFIER = com.umutafacan.T24News;
				PRODUCT_NAME = "$(TARGET_NAME)";
			};
			name = Debug;
		};
		4CD8FE5D1D3402E500BE19FD /* Release */ = {
			isa = XCBuildConfiguration;
			baseConfigurationReference = EACF02FA8A0BACCE757841E4 /* Pods-T24News.release.xcconfig */;
			buildSettings = {
				ASSETCATALOG_COMPILER_APPICON_NAME = AppIcon;
				GCC_PREFIX_HEADER = "$(SRCROOT)/T24News/PrefixHeader.pch";
				INFOPLIST_FILE = T24News/Info.plist;
				IPHONEOS_DEPLOYMENT_TARGET = 8.0;
				LD_RUNPATH_SEARCH_PATHS = "$(inherited) @executable_path/Frameworks";
				PRODUCT_BUNDLE_IDENTIFIER = com.umutafacan.T24News;
				PRODUCT_NAME = "$(TARGET_NAME)";
			};
			name = Release;
		};
		4CD8FE5F1D3402E500BE19FD /* Debug */ = {
			isa = XCBuildConfiguration;
			buildSettings = {
				BUNDLE_LOADER = "$(TEST_HOST)";
				INFOPLIST_FILE = T24NewsTests/Info.plist;
				LD_RUNPATH_SEARCH_PATHS = "$(inherited) @executable_path/Frameworks @loader_path/Frameworks";
				PRODUCT_BUNDLE_IDENTIFIER = com.umutafacan.T24NewsTests;
				PRODUCT_NAME = "$(TARGET_NAME)";
				TEST_HOST = "$(BUILT_PRODUCTS_DIR)/T24News.app/T24News";
			};
			name = Debug;
		};
		4CD8FE601D3402E500BE19FD /* Release */ = {
			isa = XCBuildConfiguration;
			buildSettings = {
				BUNDLE_LOADER = "$(TEST_HOST)";
				INFOPLIST_FILE = T24NewsTests/Info.plist;
				LD_RUNPATH_SEARCH_PATHS = "$(inherited) @executable_path/Frameworks @loader_path/Frameworks";
				PRODUCT_BUNDLE_IDENTIFIER = com.umutafacan.T24NewsTests;
				PRODUCT_NAME = "$(TARGET_NAME)";
				TEST_HOST = "$(BUILT_PRODUCTS_DIR)/T24News.app/T24News";
			};
			name = Release;
		};
		4CD8FE621D3402E500BE19FD /* Debug */ = {
			isa = XCBuildConfiguration;
			buildSettings = {
				INFOPLIST_FILE = T24NewsUITests/Info.plist;
				LD_RUNPATH_SEARCH_PATHS = "$(inherited) @executable_path/Frameworks @loader_path/Frameworks";
				PRODUCT_BUNDLE_IDENTIFIER = com.umutafacan.T24NewsUITests;
				PRODUCT_NAME = "$(TARGET_NAME)";
				TEST_TARGET_NAME = T24News;
			};
			name = Debug;
		};
		4CD8FE631D3402E500BE19FD /* Release */ = {
			isa = XCBuildConfiguration;
			buildSettings = {
				INFOPLIST_FILE = T24NewsUITests/Info.plist;
				LD_RUNPATH_SEARCH_PATHS = "$(inherited) @executable_path/Frameworks @loader_path/Frameworks";
				PRODUCT_BUNDLE_IDENTIFIER = com.umutafacan.T24NewsUITests;
				PRODUCT_NAME = "$(TARGET_NAME)";
				TEST_TARGET_NAME = T24News;
			};
			name = Release;
		};
/* End XCBuildConfiguration section */

/* Begin XCConfigurationList section */
		4CD8FE291D3402E400BE19FD /* Build configuration list for PBXProject "T24News" */ = {
			isa = XCConfigurationList;
			buildConfigurations = (
				4CD8FE591D3402E500BE19FD /* Debug */,
				4CD8FE5A1D3402E500BE19FD /* Release */,
			);
			defaultConfigurationIsVisible = 0;
			defaultConfigurationName = Release;
		};
		4CD8FE5B1D3402E500BE19FD /* Build configuration list for PBXNativeTarget "T24News" */ = {
			isa = XCConfigurationList;
			buildConfigurations = (
				4CD8FE5C1D3402E500BE19FD /* Debug */,
				4CD8FE5D1D3402E500BE19FD /* Release */,
			);
			defaultConfigurationIsVisible = 0;
			defaultConfigurationName = Release;
		};
		4CD8FE5E1D3402E500BE19FD /* Build configuration list for PBXNativeTarget "T24NewsTests" */ = {
			isa = XCConfigurationList;
			buildConfigurations = (
				4CD8FE5F1D3402E500BE19FD /* Debug */,
				4CD8FE601D3402E500BE19FD /* Release */,
			);
			defaultConfigurationIsVisible = 0;
			defaultConfigurationName = Release;
		};
		4CD8FE611D3402E500BE19FD /* Build configuration list for PBXNativeTarget "T24NewsUITests" */ = {
			isa = XCConfigurationList;
			buildConfigurations = (
				4CD8FE621D3402E500BE19FD /* Debug */,
				4CD8FE631D3402E500BE19FD /* Release */,
			);
			defaultConfigurationIsVisible = 0;
			defaultConfigurationName = Release;
		};
/* End XCConfigurationList section */
	};
	rootObject = 4CD8FE261D3402E400BE19FD /* Project object */;
}
